
Microsoft Visual Studio Solution File, Format Version 12.00
# Visual Studio Version 16
VisualStudioVersion = 16.0.30002.166
MinimumVisualStudioVersion = 10.0.40219.1
Project("{FAE04EC0-301F-11D3-BF4B-00C04F79EFBC}") = "AniTrack", "CS_ABET\AniTrack.csproj", "{C45C423A-7561-4B26-859C-B7B63678C50C}"
EndProject
Project("{00D1A9C2-B5F0-4AF3-8072-F6C62B433612}") = "AniTrack_DB", "ABET_DB\AniTrack_DB.sqlproj", "{04ABBE9A-BF64-4BB0-95FB-C179B327BF96}"
EndProject
Global
	GlobalSection(SolutionConfigurationPlatforms) = preSolution
		Debug|Any CPU = Debug|Any CPU
		Release|Any CPU = Release|Any CPU
	EndGlobalSection
	GlobalSection(ProjectConfigurationPlatforms) = postSolution
		{C45C423A-7561-4B26-859C-B7B63678C50C}.Debug|Any CPU.ActiveCfg = Debug|Any CPU
		{C45C423A-7561-4B26-859C-B7B63678C50C}.Debug|Any CPU.Build.0 = Debug|Any CPU
		{C45C423A-7561-4B26-859C-B7B63678C50C}.Release|Any CPU.ActiveCfg = Release|Any CPU
		{C45C423A-7561-4B26-859C-B7B63678C50C}.Release|Any CPU.Build.0 = Release|Any CPU
		{04ABBE9A-BF64-4BB0-95FB-C179B327BF96}.Debug|Any CPU.ActiveCfg = Debug|Any CPU
		{04ABBE9A-BF64-4BB0-95FB-C179B327BF96}.Debug|Any CPU.Build.0 = Debug|Any CPU
		{04ABBE9A-BF64-4BB0-95FB-C179B327BF96}.Debug|Any CPU.Deploy.0 = Debug|Any CPU
		{04ABBE9A-BF64-4BB0-95FB-C179B327BF96}.Release|Any CPU.ActiveCfg = Release|Any CPU
		{04ABBE9A-BF64-4BB0-95FB-C179B327BF96}.Release|Any CPU.Build.0 = Release|Any CPU
		{04ABBE9A-BF64-4BB0-95FB-C179B327BF96}.Release|Any CPU.Deploy.0 = Release|Any CPU
	EndGlobalSection
	GlobalSection(SolutionProperties) = preSolution
		HideSolutionNode = FALSE
	EndGlobalSection
	GlobalSection(ExtensibilityGlobals) = postSolution
		SolutionGuid = {72438132-4FAA-4CD7-886A-8E2A90A512F4}
	EndGlobalSection
EndGlobal
